
Microsoft Visual Studio Solution File, Format Version 12.00
# Visual Studio Version 16
VisualStudioVersion = 16.0.30611.23
MinimumVisualStudioVersion = 10.0.40219.1
Project("{FAE04EC0-301F-11D3-BF4B-00C04F79EFBC}") = "WebAPI", "WebAPI\WebAPI.csproj", "{004D9676-95C7-418F-863C-571F038A5368}"
EndProject
Project("{FAE04EC0-301F-11D3-BF4B-00C04F79EFBC}") = "DataAccess.EFCore", "DataAccess.EFCore\DataAccess.EFCore.csproj", "{92D2C1C0-A52E-4BCD-8A83-CFBC6461FCDA}"
EndProject
Project("{FAE04EC0-301F-11D3-BF4B-00C04F79EFBC}") = "Domain", "Domain\Domain.csproj", "{9A54D2AA-9ED0-4A55-9D43-268B041F409B}"
EndProject
Global
	GlobalSection(SolutionConfigurationPlatforms) = preSolution
		Debug|Any CPU = Debug|Any CPU
		Release|Any CPU = Release|Any CPU
	EndGlobalSection
	GlobalSection(ProjectConfigurationPlatforms) = postSolution
		{004D9676-95C7-418F-863C-571F038A5368}.Debug|Any CPU.ActiveCfg = Debug|Any CPU
		{004D9676-95C7-418F-863C-571F038A5368}.Debug|Any CPU.Build.0 = Debug|Any CPU
		{004D9676-95C7-418F-863C-571F038A5368}.Release|Any CPU.ActiveCfg = Release|Any CPU
		{004D9676-95C7-418F-863C-571F038A5368}.Release|Any CPU.Build.0 = Release|Any CPU
		{92D2C1C0-A52E-4BCD-8A83-CFBC6461FCDA}.Debug|Any CPU.ActiveCfg = Debug|Any CPU
		{92D2C1C0-A52E-4BCD-8A83-CFBC6461FCDA}.Debug|Any CPU.Build.0 = Debug|Any CPU
		{92D2C1C0-A52E-4BCD-8A83-CFBC6461FCDA}.Release|Any CPU.ActiveCfg = Release|Any CPU
		{92D2C1C0-A52E-4BCD-8A83-CFBC6461FCDA}.Release|Any CPU.Build.0 = Release|Any CPU
		{9A54D2AA-9ED0-4A55-9D43-268B041F409B}.Debug|Any CPU.ActiveCfg = Debug|Any CPU
		{9A54D2AA-9ED0-4A55-9D43-268B041F409B}.Debug|Any CPU.Build.0 = Debug|Any CPU
		{9A54D2AA-9ED0-4A55-9D43-268B041F409B}.Release|Any CPU.ActiveCfg = Release|Any CPU
		{9A54D2AA-9ED0-4A55-9D43-268B041F409B}.Release|Any CPU.Build.0 = Release|Any CPU
	EndGlobalSection
	GlobalSection(SolutionProperties) = preSolution
		HideSolutionNode = FALSE
	EndGlobalSection
	GlobalSection(ExtensibilityGlobals) = postSolution
		SolutionGuid = {5A1FBD66-DE79-47C9-8226-0C58ACA6EC25}
	EndGlobalSection
EndGlobal
